
Microsoft Visual Studio Solution File, Format Version 12.00
# Visual Studio 2012
Project("{FAE04EC0-301F-11D3-BF4B-00C04F79EFBC}") = "WindowsFormsApplication1", "WindowsFormsApplication1\WindowsFormsApplication1.csproj", "{F40210BB-214D-49F6-B77E-972CF1762404}"
EndProject
Global
	GlobalSection(SolutionConfigurationPlatforms) = preSolution
		Debug|Any CPU = Debug|Any CPU
		Release|Any CPU = Release|Any CPU
	EndGlobalSection
	GlobalSection(ProjectConfigurationPlatforms) = postSolution
		{F40210BB-214D-49F6-B77E-972CF1762404}.Debug|Any CPU.ActiveCfg = Debug|Any CPU
		{F40210BB-214D-49F6-B77E-972CF1762404}.Debug|Any CPU.Build.0 = Debug|Any CPU
		{F40210BB-214D-49F6-B77E-972CF1762404}.Release|Any CPU.ActiveCfg = Release|Any CPU
		{F40210BB-214D-49F6-B77E-972CF1762404}.Release|Any CPU.Build.0 = Release|Any CPU
	EndGlobalSection
	GlobalSection(SolutionProperties) = preSolution
		HideSolutionNode = FALSE
	EndGlobalSection
EndGlobal
